
Microsoft Visual Studio Solution File, Format Version 12.00
# Visual Studio Version 16
VisualStudioVersion = 16.0.29503.13
MinimumVisualStudioVersion = 10.0.40219.1
Project("{9A19103F-16F7-4668-BE54-9A1E7A4F7556}") = "Windows Lock Timer", "Windows Lock Timer.csproj", "{AE5B4A82-AF4D-4C57-9B8C-17560D69518C}"
EndProject
Project("{9A19103F-16F7-4668-BE54-9A1E7A4F7556}") = "Notifications Listener", "..\Notifications Listener\Notifications Listener.csproj", "{800237F7-C95D-46C2-A8F1-E46DAF2FC087}"
EndProject
Global
	GlobalSection(SolutionConfigurationPlatforms) = preSolution
		Debug|Any CPU = Debug|Any CPU
		Release|Any CPU = Release|Any CPU
	EndGlobalSection
	GlobalSection(ProjectConfigurationPlatforms) = postSolution
		{AE5B4A82-AF4D-4C57-9B8C-17560D69518C}.Debug|Any CPU.ActiveCfg = Debug|Any CPU
		{AE5B4A82-AF4D-4C57-9B8C-17560D69518C}.Debug|Any CPU.Build.0 = Debug|Any CPU
		{AE5B4A82-AF4D-4C57-9B8C-17560D69518C}.Release|Any CPU.ActiveCfg = Release|Any CPU
		{AE5B4A82-AF4D-4C57-9B8C-17560D69518C}.Release|Any CPU.Build.0 = Release|Any CPU
		{800237F7-C95D-46C2-A8F1-E46DAF2FC087}.Debug|Any CPU.ActiveCfg = Debug|Any CPU
		{800237F7-C95D-46C2-A8F1-E46DAF2FC087}.Debug|Any CPU.Build.0 = Debug|Any CPU
		{800237F7-C95D-46C2-A8F1-E46DAF2FC087}.Release|Any CPU.ActiveCfg = Release|Any CPU
		{800237F7-C95D-46C2-A8F1-E46DAF2FC087}.Release|Any CPU.Build.0 = Release|Any CPU
	EndGlobalSection
	GlobalSection(SolutionProperties) = preSolution
		HideSolutionNode = FALSE
	EndGlobalSection
	GlobalSection(ExtensibilityGlobals) = postSolution
		SolutionGuid = {8620370E-3B53-4287-8F60-6D970FCBC948}
	EndGlobalSection
EndGlobal
